
Microsoft Visual Studio Solution File, Format Version 12.00
# Visual Studio Version 17
VisualStudioVersion = 17.7.34031.279
MinimumVisualStudioVersion = 10.0.40219.1
Project("{8BC9CEB8-8B4A-11D0-8D11-00A0C91BC942}") = "5", "5.vcxproj", "{6ACC093C-7CBB-4A5F-B8CC-945F7CB22C86}"
EndProject
Global
	GlobalSection(SolutionConfigurationPlatforms) = preSolution
		Debug|x64 = Debug|x64
		Debug|x86 = Debug|x86
		Release|x64 = Release|x64
		Release|x86 = Release|x86
	EndGlobalSection
	GlobalSection(ProjectConfigurationPlatforms) = postSolution
		{6ACC093C-7CBB-4A5F-B8CC-945F7CB22C86}.Debug|x64.ActiveCfg = Debug|x64
		{6ACC093C-7CBB-4A5F-B8CC-945F7CB22C86}.Debug|x64.Build.0 = Debug|x64
		{6ACC093C-7CBB-4A5F-B8CC-945F7CB22C86}.Debug|x86.ActiveCfg = Debug|Win32
		{6ACC093C-7CBB-4A5F-B8CC-945F7CB22C86}.Debug|x86.Build.0 = Debug|Win32
		{6ACC093C-7CBB-4A5F-B8CC-945F7CB22C86}.Release|x64.ActiveCfg = Release|x64
		{6ACC093C-7CBB-4A5F-B8CC-945F7CB22C86}.Release|x64.Build.0 = Release|x64
		{6ACC093C-7CBB-4A5F-B8CC-945F7CB22C86}.Release|x86.ActiveCfg = Release|Win32
		{6ACC093C-7CBB-4A5F-B8CC-945F7CB22C86}.Release|x86.Build.0 = Release|Win32
	EndGlobalSection
	GlobalSection(SolutionProperties) = preSolution
		HideSolutionNode = FALSE
	EndGlobalSection
	GlobalSection(ExtensibilityGlobals) = postSolution
		SolutionGuid = {6E381CC0-C304-4BF4-BF32-3EA343B72AC8}
	EndGlobalSection
EndGlobal
